
Microsoft Visual Studio Solution File, Format Version 11.00
# Visual Studio 2010
Project("{FAE04EC0-301F-11D3-BF4B-00C04F79EFBC}") = "Assembly-CSharp", "Assembly-CSharp.csproj", "{D282D0A0-95E9-7259-E334-199B843EE6ED}"
EndProject
Project("{FAE04EC0-301F-11D3-BF4B-00C04F79EFBC}") = "Assembly-CSharp-Editor", "Assembly-CSharp-Editor.csproj", "{7F11640E-4ACE-AC56-246B-3E331B6CE3A1}"
EndProject
Global
	GlobalSection(SolutionConfigurationPlatforms) = preSolution
		Debug|Any CPU = Debug|Any CPU
		Release|Any CPU = Release|Any CPU
	EndGlobalSection
	GlobalSection(ProjectConfigurationPlatforms) = postSolution
		{D282D0A0-95E9-7259-E334-199B843EE6ED}.Debug|Any CPU.ActiveCfg = Debug|Any CPU
		{D282D0A0-95E9-7259-E334-199B843EE6ED}.Debug|Any CPU.Build.0 = Debug|Any CPU
		{D282D0A0-95E9-7259-E334-199B843EE6ED}.Release|Any CPU.ActiveCfg = Release|Any CPU
		{D282D0A0-95E9-7259-E334-199B843EE6ED}.Release|Any CPU.Build.0 = Release|Any CPU
		{7F11640E-4ACE-AC56-246B-3E331B6CE3A1}.Debug|Any CPU.ActiveCfg = Debug|Any CPU
		{7F11640E-4ACE-AC56-246B-3E331B6CE3A1}.Debug|Any CPU.Build.0 = Debug|Any CPU
		{7F11640E-4ACE-AC56-246B-3E331B6CE3A1}.Release|Any CPU.ActiveCfg = Release|Any CPU
		{7F11640E-4ACE-AC56-246B-3E331B6CE3A1}.Release|Any CPU.Build.0 = Release|Any CPU
	EndGlobalSection
	GlobalSection(SolutionProperties) = preSolution
		HideSolutionNode = FALSE
	EndGlobalSection
	GlobalSection(MonoDevelopProperties) = preSolution
		StartupItem = Assembly-CSharp.csproj
	EndGlobalSection
EndGlobal
